// !$*UTF8*$!
{
	archiveVersion = 1;
	classes = {
	};
	objectVersion = 50;
	objects = {

/* Begin PBXBuildFile section */
		7937B0CC25E54B15003E360D /* AppDelegate.swift in Sources */ = {isa = PBXBuildFile; fileRef = 7937B0CB25E54B15003E360D /* AppDelegate.swift */; };
		7937B0CE25E54B15003E360D /* SceneDelegate.swift in Sources */ = {isa = PBXBuildFile; fileRef = 7937B0CD25E54B15003E360D /* SceneDelegate.swift */; };
		7937B0D025E54B15003E360D /* ContentView.swift in Sources */ = {isa = PBXBuildFile; fileRef = 7937B0CF25E54B15003E360D /* ContentView.swift */; };
		7937B0D225E54B16003E360D /* Assets.xcassets in Resources */ = {isa = PBXBuildFile; fileRef = 7937B0D125E54B16003E360D /* Assets.xcassets */; };
		7937B0D525E54B16003E360D /* Preview Assets.xcassets in Resources */ = {isa = PBXBuildFile; fileRef = 7937B0D425E54B16003E360D /* Preview Assets.xcassets */; };
		7937B0D825E54B16003E360D /* LaunchScreen.storyboard in Resources */ = {isa = PBXBuildFile; fileRef = 7937B0D625E54B16003E360D /* LaunchScreen.storyboard */; };
/* End PBXBuildFile section */

/* Begin PBXFileReference section */
		7937B0C825E54B15003E360D /* DicodingGameSubmissions.app */ = {isa = PBXFileReference; explicitFileType = wrapper.application; includeInIndex = 0; path = DicodingGameSubmissions.app; sourceTree = BUILT_PRODUCTS_DIR; };
		7937B0CB25E54B15003E360D /* AppDelegate.swift */ = {isa = PBXFileReference; lastKnownFileType = sourcecode.swift; path = AppDelegate.swift; sourceTree = "<group>"; };
		7937B0CD25E54B15003E360D /* SceneDelegate.swift */ = {isa = PBXFileReference; lastKnownFileType = sourcecode.swift; path = SceneDelegate.swift; sourceTree = "<group>"; };
		7937B0CF25E54B15003E360D /* ContentView.swift */ = {isa = PBXFileReference; lastKnownFileType = sourcecode.swift; path = ContentView.swift; sourceTree = "<group>"; };
		7937B0D125E54B16003E360D /* Assets.xcassets */ = {isa = PBXFileReference; lastKnownFileType = folder.assetcatalog; path = Assets.xcassets; sourceTree = "<group>"; };
		7937B0D425E54B16003E360D /* Preview Assets.xcassets */ = {isa = PBXFileReference; lastKnownFileType = folder.assetcatalog; path = "Preview Assets.xcassets"; sourceTree = "<group>"; };
		7937B0D725E54B16003E360D /* Base */ = {isa = PBXFileReference; lastKnownFileType = file.storyboard; name = Base; path = Base.lproj/LaunchScreen.storyboard; sourceTree = "<group>"; };
		7937B0D925E54B16003E360D /* Info.plist */ = {isa = PBXFileReference; lastKnownFileType = text.plist.xml; path = Info.plist; sourceTree = "<group>"; };
/* End PBXFileReference section */

/* Begin PBXFrameworksBuildPhase section */
		7937B0C525E54B15003E360D /* Frameworks */ = {
			isa = PBXFrameworksBuildPhase;
			buildActionMask = 2147483647;
			files = (
			);
			runOnlyForDeploymentPostprocessing = 0;
		};
/* End PBXFrameworksBuildPhase section */

/* Begin PBXGroup section */
		7937B0BF25E54B15003E360D = {
			isa = PBXGroup;
			children = (
				7937B0CA25E54B15003E360D /* DicodingGameSubmissions */,
				7937B0C925E54B15003E360D /* Products */,
			);
			sourceTree = "<group>";
		};
		7937B0C925E54B15003E360D /* Products */ = {
			isa = PBXGroup;
			children = (
				7937B0C825E54B15003E360D /* DicodingGameSubmissions.app */,
			);
			name = Products;
			sourceTree = "<group>";
		};
		7937B0CA25E54B15003E360D /* DicodingGameSubmissions */ = {
			isa = PBXGroup;
			children = (
				7937B0CB25E54B15003E360D /* AppDelegate.swift */,
				7937B0CD25E54B15003E360D /* SceneDelegate.swift */,
				7937B0CF25E54B15003E360D /* ContentView.swift */,
				7937B0D125E54B16003E360D /* Assets.xcassets */,
				7937B0D625E54B16003E360D /* LaunchScreen.storyboard */,
				7937B0D925E54B16003E360D /* Info.plist */,
				7937B0D325E54B16003E360D /* Preview Content */,
			);
			path = DicodingGameSubmissions;
			sourceTree = "<group>";
		};
		7937B0D325E54B16003E360D /* Preview Content */ = {
			isa = PBXGroup;
			children = (
				7937B0D425E54B16003E360D /* Preview Assets.xcassets */,
			);
			path = "Preview Content";
			sourceTree = "<group>";
		};
/* End PBXGroup section */

/* Begin PBXNativeTarget section */
		7937B0C725E54B15003E360D /* DicodingGameSubmissions */ = {
			isa = PBXNativeTarget;
			buildConfigurationList = 7937B0DC25E54B16003E360D /* Build configuration list for PBXNativeTarget "DicodingGameSubmissions" */;
			buildPhases = (
				7937B0C425E54B15003E360D /* Sources */,
				7937B0C525E54B15003E360D /* Frameworks */,
				7937B0C625E54B15003E360D /* Resources */,
			);
			buildRules = (
			);
			dependencies = (
			);
			name = DicodingGameSubmissions;
			productName = DicodingGameSubmissions;
			productReference = 7937B0C825E54B15003E360D /* DicodingGameSubmissions.app */;
			productType = "com.apple.product-type.application";
		};
/* End PBXNativeTarget section */

/* Begin PBXProject section */
		7937B0C025E54B15003E360D /* Project object */ = {
			isa = PBXProject;
			attributes = {
				LastSwiftUpdateCheck = 1240;
				LastUpgradeCheck = 1240;
				TargetAttributes = {
					7937B0C725E54B15003E360D = {
						CreatedOnToolsVersion = 12.4;
					};
				};
			};
			buildConfigurationList = 7937B0C325E54B15003E360D /* Build configuration list for PBXProject "DicodingGameSubmissions" */;
			compatibilityVersion = "Xcode 9.3";
			developmentRegion = en;
			hasScannedForEncodings = 0;
			knownRegions = (
				en,
				Base,
			);
			mainGroup = 7937B0BF25E54B15003E360D;
			productRefGroup = 7937B0C925E54B15003E360D /* Products */;
			projectDirPath = "";
			projectRoot = "";
			targets = (
				7937B0C725E54B15003E360D /* DicodingGameSubmissions */,
			);
		};
/* End PBXProject section */

/* Begin PBXResourcesBuildPhase section */
		7937B0C625E54B15003E360D /* Resources */ = {
			isa = PBXResourcesBuildPhase;
			buildActionMask = 2147483647;
			files = (
				7937B0D825E54B16003E360D /* LaunchScreen.storyboard in Resources */,
				7937B0D525E54B16003E360D /* Preview Assets.xcassets in Resources */,
				7937B0D225E54B16003E360D /* Assets.xcassets in Resources */,
			);
			runOnlyForDeploymentPostprocessing = 0;
		};
/* End PBXResourcesBuildPhase section */

/* Begin PBXSourcesBuildPhase section */
		7937B0C425E54B15003E360D /* Sources */ = {
			isa = PBXSourcesBuildPhase;
			buildActionMask = 2147483647;
			files = (
				7937B0CC25E54B15003E360D /* AppDelegate.swift in Sources */,
				7937B0CE25E54B15003E360D /* SceneDelegate.swift in Sources */,
				7937B0D025E54B15003E360D /* ContentView.swift in Sources */,
			);
			runOnlyForDeploymentPostprocessing = 0;
		};
/* End PBXSourcesBuildPhase section */

/* Begin PBXVariantGroup section */
		7937B0D625E54B16003E360D /* LaunchScreen.storyboard */ = {
			isa = PBXVariantGroup;
			children = (
				7937B0D725E54B16003E360D /* Base */,
			);
			name = LaunchScreen.storyboard;
			sourceTree = "<group>";
		};
/* End PBXVariantGroup section */

/* Begin XCBuildConfiguration section */
		7937B0DA25E54B16003E360D /* Debug */ = {
			isa = XCBuildConfiguration;
			buildSettings = {
				ALWAYS_SEARCH_USER_PATHS = NO;
				CLANG_ANALYZER_NONNULL = YES;
				CLANG_ANALYZER_NUMBER_OBJECT_CONVERSION = YES_AGGRESSIVE;
				CLANG_CXX_LANGUAGE_STANDARD = "gnu++14";
				CLANG_CXX_LIBRARY = "libc++";
				CLANG_ENABLE_MODULES = YES;
				CLANG_ENABLE_OBJC_ARC = YES;
				CLANG_ENABLE_OBJC_WEAK = YES;
				CLANG_WARN_BLOCK_CAPTURE_AUTORELEASING = YES;
				CLANG_WARN_BOOL_CONVERSION = YES;
				CLANG_WARN_COMMA = YES;
				CLANG_WARN_CONSTANT_CONVERSION = YES;
				CLANG_WARN_DEPRECATED_OBJC_IMPLEMENTATIONS = YES;
				CLANG_WARN_DIRECT_OBJC_ISA_USAGE = YES_ERROR;
				CLANG_WARN_DOCUMENTATION_COMMENTS = YES;
				CLANG_WARN_EMPTY_BODY = YES;
				CLANG_WARN_ENUM_CONVERSION = YES;
				CLANG_WARN_INFINITE_RECURSION = YES;
				CLANG_WARN_INT_CONVERSION = YES;
				CLANG_WARN_NON_LITERAL_NULL_CONVERSION = YES;
				CLANG_WARN_OBJC_IMPLICIT_RETAIN_SELF = YES;
				CLANG_WARN_OBJC_LITERAL_CONVERSION = YES;
				CLANG_WARN_OBJC_ROOT_CLASS = YES_ERROR;
				CLANG_WARN_QUOTED_INCLUDE_IN_FRAMEWORK_HEADER = YES;
				CLANG_WARN_RANGE_LOOP_ANALYSIS = YES;
				CLANG_WARN_STRICT_PROTOTYPES = YES;
				CLANG_WARN_SUSPICIOUS_MOVE = YES;
				CLANG_WARN_UNGUARDED_AVAILABILITY = YES_AGGRESSIVE;
				CLANG_WARN_UNREACHABLE_CODE = YES;
				CLANG_WARN__DUPLICATE_METHOD_MATCH = YES;
				COPY_PHASE_STRIP = NO;
				DEBUG_INFORMATION_FORMAT = dwarf;
				ENABLE_STRICT_OBJC_MSGSEND = YES;
				ENABLE_TESTABILITY = YES;
				GCC_C_LANGUAGE_STANDARD = gnu11;
				GCC_DYNAMIC_NO_PIC = NO;
				GCC_NO_COMMON_BLOCKS = YES;
				GCC_OPTIMIZATION_LEVEL = 0;
				GCC_PREPROCESSOR_DEFINITIONS = (
					"DEBUG=1",
					"$(inherited)",
				);
				GCC_WARN_64_TO_32_BIT_CONVERSION = YES;
				GCC_WARN_ABOUT_RETURN_TYPE = YES_ERROR;
				GCC_WARN_UNDECLARED_SELECTOR = YES;
				GCC_WARN_UNINITIALIZED_AUTOS = YES_AGGRESSIVE;
				GCC_WARN_UNUSED_FUNCTION = YES;
				GCC_WARN_UNUSED_VARIABLE = YES;
				IPHONEOS_DEPLOYMENT_TARGET = 14.4;
				MTL_ENABLE_DEBUG_INFO = INCLUDE_SOURCE;
				MTL_FAST_MATH = YES;
				ONLY_ACTIVE_ARCH = YES;
				SDKROOT = iphoneos;
				SWIFT_ACTIVE_COMPILATION_CONDITIONS = DEBUG;
				SWIFT_OPTIMIZATION_LEVEL = "-Onone";
			};
			name = Debug;
		};
		7937B0DB25E54B16003E360D /* Release */ = {
			isa = XCBuildConfiguration;
			buildSettings = {
				ALWAYS_SEARCH_USER_PATHS = NO;
				CLANG_ANALYZER_NONNULL = YES;
				CLANG_ANALYZER_NUMBER_OBJECT_CONVERSION = YES_AGGRESSIVE;
				CLANG_CXX_LANGUAGE_STANDARD = "gnu++14";
				CLANG_CXX_LIBRARY = "libc++";
				CLANG_ENABLE_MODULES = YES;
				CLANG_ENABLE_OBJC_ARC = YES;
				CLANG_ENABLE_OBJC_WEAK = YES;
				CLANG_WARN_BLOCK_CAPTURE_AUTORELEASING = YES;
				CLANG_WARN_BOOL_CONVERSION = YES;
				CLANG_WARN_COMMA = YES;
				CLANG_WARN_CONSTANT_CONVERSION = YES;
				CLANG_WARN_DEPRECATED_OBJC_IMPLEMENTATIONS = YES;
				CLANG_WARN_DIRECT_OBJC_ISA_USAGE = YES_ERROR;
				CLANG_WARN_DOCUMENTATION_COMMENTS = YES;
				CLANG_WARN_EMPTY_BODY = YES;
				CLANG_WARN_ENUM_CONVERSION = YES;
				CLANG_WARN_INFINITE_RECURSION = YES;
				CLANG_WARN_INT_CONVERSION = YES;
				CLANG_WARN_NON_LITERAL_NULL_CONVERSION = YES;
				CLANG_WARN_OBJC_IMPLICIT_RETAIN_SELF = YES;
				CLANG_WARN_OBJC_LITERAL_CONVERSION = YES;
				CLANG_WARN_OBJC_ROOT_CLASS = YES_ERROR;
				CLANG_WARN_QUOTED_INCLUDE_IN_FRAMEWORK_HEADER = YES;
				CLANG_WARN_RANGE_LOOP_ANALYSIS = YES;
				CLANG_WARN_STRICT_PROTOTYPES = YES;
				CLANG_WARN_SUSPICIOUS_MOVE = YES;
				CLANG_WARN_UNGUARDED_AVAILABILITY = YES_AGGRESSIVE;
				CLANG_WARN_UNREACHABLE_CODE = YES;
				CLANG_WARN__DUPLICATE_METHOD_MATCH = YES;
				COPY_PHASE_STRIP = NO;
				DEBUG_INFORMATION_FORMAT = "dwarf-with-dsym";
				ENABLE_NS_ASSERTIONS = NO;
				ENABLE_STRICT_OBJC_MSGSEND = YES;
				GCC_C_LANGUAGE_STANDARD = gnu11;
				GCC_NO_COMMON_BLOCKS = YES;
				GCC_WARN_64_TO_32_BIT_CONVERSION = YES;
				GCC_WARN_ABOUT_RETURN_TYPE = YES_ERROR;
				GCC_WARN_UNDECLARED_SELECTOR = YES;
				GCC_WARN_UNINITIALIZED_AUTOS = YES_AGGRESSIVE;
				GCC_WARN_UNUSED_FUNCTION = YES;
				GCC_WARN_UNUSED_VARIABLE = YES;
				IPHONEOS_DEPLOYMENT_TARGET = 14.4;
				MTL_ENABLE_DEBUG_INFO = NO;
				MTL_FAST_MATH = YES;
				SDKROOT = iphoneos;
				SWIFT_COMPILATION_MODE = wholemodule;
				SWIFT_OPTIMIZATION_LEVEL = "-O";
				VALIDATE_PRODUCT = YES;
			};
			name = Release;
		};
		7937B0DD25E54B16003E360D /* Debug */ = {
			isa = XCBuildConfiguration;
			buildSettings = {
				ASSETCATALOG_COMPILER_APPICON_NAME = AppIcon;
				ASSETCATALOG_COMPILER_GLOBAL_ACCENT_COLOR_NAME = AccentColor;
				CODE_SIGN_STYLE = Automatic;
				DEVELOPMENT_ASSET_PATHS = "\"DicodingGameSubmissions/Preview Content\"";
				DEVELOPMENT_TEAM = 6K5MM965KY;
				ENABLE_PREVIEWS = YES;
				INFOPLIST_FILE = DicodingGameSubmissions/Info.plist;
				LD_RUNPATH_SEARCH_PATHS = (
					"$(inherited)",
					"@executable_path/Frameworks",
				);
				PRODUCT_BUNDLE_IDENTIFIER = id.dicoding.learn.DicodingGameSubmissions;
				PRODUCT_NAME = "$(TARGET_NAME)";
				SWIFT_VERSION = 5.0;
				TARGETED_DEVICE_FAMILY = "1,2";
			};
			name = Debug;
		};
		7937B0DE25E54B16003E360D /* Release */ = {
			isa = XCBuildConfiguration;
			buildSettings = {
				ASSETCATALOG_COMPILER_APPICON_NAME = AppIcon;
				ASSETCATALOG_COMPILER_GLOBAL_ACCENT_COLOR_NAME = AccentColor;
				CODE_SIGN_STYLE = Automatic;
				DEVELOPMENT_ASSET_PATHS = "\"DicodingGameSubmissions/Preview Content\"";
				DEVELOPMENT_TEAM = 6K5MM965KY;
				ENABLE_PREVIEWS = YES;
				INFOPLIST_FILE = DicodingGameSubmissions/Info.plist;
				LD_RUNPATH_SEARCH_PATHS = (
					"$(inherited)",
					"@executable_path/Frameworks",
				);
				PRODUCT_BUNDLE_IDENTIFIER = id.dicoding.learn.DicodingGameSubmissions;
				PRODUCT_NAME = "$(TARGET_NAME)";
				SWIFT_VERSION = 5.0;
				TARGETED_DEVICE_FAMILY = "1,2";
			};
			name = Release;
		};
/* End XCBuildConfiguration section */

/* Begin XCConfigurationList section */
		7937B0C325E54B15003E360D /* Build configuration list for PBXProject "DicodingGameSubmissions" */ = {
			isa = XCConfigurationList;
			buildConfigurations = (
				7937B0DA25E54B16003E360D /* Debug */,
				7937B0DB25E54B16003E360D /* Release */,
			);
			defaultConfigurationIsVisible = 0;
			defaultConfigurationName = Release;
		};
		7937B0DC25E54B16003E360D /* Build configuration list for PBXNativeTarget "DicodingGameSubmissions" */ = {
			isa = XCConfigurationList;
			buildConfigurations = (
				7937B0DD25E54B16003E360D /* Debug */,
				7937B0DE25E54B16003E360D /* Release */,
			);
			defaultConfigurationIsVisible = 0;
			defaultConfigurationName = Release;
		};
/* End XCConfigurationList section */
	};
	rootObject = 7937B0C025E54B15003E360D /* Project object */;
}
